
Microsoft Visual Studio Solution File, Format Version 12.00
# Visual Studio Version 17
VisualStudioVersion = 17.11.35327.3
MinimumVisualStudioVersion = 10.0.40219.1
Project("{FAE04EC0-301F-11D3-BF4B-00C04F79EFBC}") = "BulkyWeb", "BulkyWeb.csproj", "{B270B262-6EC5-419A-BBD3-CE4038CF3642}"
EndProject
Global
	GlobalSection(SolutionConfigurationPlatforms) = preSolution
		Debug|Any CPU = Debug|Any CPU
		Release|Any CPU = Release|Any CPU
	EndGlobalSection
	GlobalSection(ProjectConfigurationPlatforms) = postSolution
		{B270B262-6EC5-419A-BBD3-CE4038CF3642}.Debug|Any CPU.ActiveCfg = Debug|Any CPU
		{B270B262-6EC5-419A-BBD3-CE4038CF3642}.Debug|Any CPU.Build.0 = Debug|Any CPU
		{B270B262-6EC5-419A-BBD3-CE4038CF3642}.Release|Any CPU.ActiveCfg = Release|Any CPU
		{B270B262-6EC5-419A-BBD3-CE4038CF3642}.Release|Any CPU.Build.0 = Release|Any CPU
	EndGlobalSection
	GlobalSection(SolutionProperties) = preSolution
		HideSolutionNode = FALSE
	EndGlobalSection
	GlobalSection(ExtensibilityGlobals) = postSolution
		SolutionGuid = {A7BFE4B2-7799-4E6C-A5DC-3E2C1D9E87DC}
	EndGlobalSection
EndGlobal
